
Microsoft Visual Studio Solution File, Format Version 12.00
# Visual Studio Version 16
VisualStudioVersion = 16.0.30621.155
MinimumVisualStudioVersion = 10.0.40219.1
Project("{9A19103F-16F7-4668-BE54-9A1E7A4F7556}") = "SuperShop.Model", "SuperShop.Model\SuperShop.Model.csproj", "{BF29735A-F9E4-4096-A43E-480A80E037A2}"
EndProject
Project("{9A19103F-16F7-4668-BE54-9A1E7A4F7556}") = "SuperShop.Dal", "SuperShop.Dal\SuperShop.Dal.csproj", "{D985F327-2F2F-4881-AF99-59ABFAD79DE2}"
EndProject
Project("{9A19103F-16F7-4668-BE54-9A1E7A4F7556}") = "SuperShop.Web", "SuperShop.Web\SuperShop.Web.csproj", "{572AA82B-E281-43A8-8505-242031448235}"
EndProject
Project("{9A19103F-16F7-4668-BE54-9A1E7A4F7556}") = "SuperShop.UnitTest", "SuperShop.UnitTest\SuperShop.UnitTest.csproj", "{602F6AC9-3C21-4F43-B0F6-A7099F85D377}"
EndProject
Project("{9A19103F-16F7-4668-BE54-9A1E7A4F7556}") = "SuperShop.Bll", "SuperShop.Bll\SuperShop.Bll.csproj", "{3D423FDB-B4BA-4E27-AD20-804879B144CF}"
EndProject
Project("{9A19103F-16F7-4668-BE54-9A1E7A4F7556}") = "MiddlwwareTest", "MiddlwwareTest\MiddlwwareTest.csproj", "{2D882F98-FB01-44E6-A70A-BE04A3B1D831}"
EndProject
Project("{FAE04EC0-301F-11D3-BF4B-00C04F79EFBC}") = "SuperShop.RestInterface", "SuperShop.RestInterface\SuperShop.RestInterface.csproj", "{DDA1BEDC-36B0-4E6C-9B28-6AB44650CD36}"
EndProject
Global
	GlobalSection(SolutionConfigurationPlatforms) = preSolution
		Debug|Any CPU = Debug|Any CPU
		Release|Any CPU = Release|Any CPU
	EndGlobalSection
	GlobalSection(ProjectConfigurationPlatforms) = postSolution
		{BF29735A-F9E4-4096-A43E-480A80E037A2}.Debug|Any CPU.ActiveCfg = Debug|Any CPU
		{BF29735A-F9E4-4096-A43E-480A80E037A2}.Debug|Any CPU.Build.0 = Debug|Any CPU
		{BF29735A-F9E4-4096-A43E-480A80E037A2}.Release|Any CPU.ActiveCfg = Release|Any CPU
		{BF29735A-F9E4-4096-A43E-480A80E037A2}.Release|Any CPU.Build.0 = Release|Any CPU
		{D985F327-2F2F-4881-AF99-59ABFAD79DE2}.Debug|Any CPU.ActiveCfg = Debug|Any CPU
		{D985F327-2F2F-4881-AF99-59ABFAD79DE2}.Debug|Any CPU.Build.0 = Debug|Any CPU
		{D985F327-2F2F-4881-AF99-59ABFAD79DE2}.Release|Any CPU.ActiveCfg = Release|Any CPU
		{D985F327-2F2F-4881-AF99-59ABFAD79DE2}.Release|Any CPU.Build.0 = Release|Any CPU
		{572AA82B-E281-43A8-8505-242031448235}.Debug|Any CPU.ActiveCfg = Debug|Any CPU
		{572AA82B-E281-43A8-8505-242031448235}.Debug|Any CPU.Build.0 = Debug|Any CPU
		{572AA82B-E281-43A8-8505-242031448235}.Release|Any CPU.ActiveCfg = Release|Any CPU
		{572AA82B-E281-43A8-8505-242031448235}.Release|Any CPU.Build.0 = Release|Any CPU
		{602F6AC9-3C21-4F43-B0F6-A7099F85D377}.Debug|Any CPU.ActiveCfg = Debug|Any CPU
		{602F6AC9-3C21-4F43-B0F6-A7099F85D377}.Debug|Any CPU.Build.0 = Debug|Any CPU
		{602F6AC9-3C21-4F43-B0F6-A7099F85D377}.Release|Any CPU.ActiveCfg = Release|Any CPU
		{602F6AC9-3C21-4F43-B0F6-A7099F85D377}.Release|Any CPU.Build.0 = Release|Any CPU
		{3D423FDB-B4BA-4E27-AD20-804879B144CF}.Debug|Any CPU.ActiveCfg = Debug|Any CPU
		{3D423FDB-B4BA-4E27-AD20-804879B144CF}.Debug|Any CPU.Build.0 = Debug|Any CPU
		{3D423FDB-B4BA-4E27-AD20-804879B144CF}.Release|Any CPU.ActiveCfg = Release|Any CPU
		{3D423FDB-B4BA-4E27-AD20-804879B144CF}.Release|Any CPU.Build.0 = Release|Any CPU
		{2D882F98-FB01-44E6-A70A-BE04A3B1D831}.Debug|Any CPU.ActiveCfg = Debug|Any CPU
		{2D882F98-FB01-44E6-A70A-BE04A3B1D831}.Debug|Any CPU.Build.0 = Debug|Any CPU
		{2D882F98-FB01-44E6-A70A-BE04A3B1D831}.Release|Any CPU.ActiveCfg = Release|Any CPU
		{2D882F98-FB01-44E6-A70A-BE04A3B1D831}.Release|Any CPU.Build.0 = Release|Any CPU
		{DDA1BEDC-36B0-4E6C-9B28-6AB44650CD36}.Debug|Any CPU.ActiveCfg = Debug|Any CPU
		{DDA1BEDC-36B0-4E6C-9B28-6AB44650CD36}.Debug|Any CPU.Build.0 = Debug|Any CPU
		{DDA1BEDC-36B0-4E6C-9B28-6AB44650CD36}.Release|Any CPU.ActiveCfg = Release|Any CPU
		{DDA1BEDC-36B0-4E6C-9B28-6AB44650CD36}.Release|Any CPU.Build.0 = Release|Any CPU
	EndGlobalSection
	GlobalSection(SolutionProperties) = preSolution
		HideSolutionNode = FALSE
	EndGlobalSection
	GlobalSection(ExtensibilityGlobals) = postSolution
		SolutionGuid = {44C6F745-D6CE-4F86-A40E-D30AB407E602}
	EndGlobalSection
EndGlobal
